
Microsoft Visual Studio Solution File, Format Version 12.00
# Visual Studio Version 17
VisualStudioVersion = 17.7.34003.232
MinimumVisualStudioVersion = 10.0.40219.1
Project("{FAE04EC0-301F-11D3-BF4B-00C04F79EFBC}") = "WPF_SmartHome_V3.23.10", "WPF_SmartHome_V3.23.10.csproj", "{2FCC5E53-A92E-4FEB-BF7A-4A742B25318A}"
EndProject
Global
	GlobalSection(SolutionConfigurationPlatforms) = preSolution
		Debug|Any CPU = Debug|Any CPU
		Release|Any CPU = Release|Any CPU
	EndGlobalSection
	GlobalSection(ProjectConfigurationPlatforms) = postSolution
		{2FCC5E53-A92E-4FEB-BF7A-4A742B25318A}.Debug|Any CPU.ActiveCfg = Debug|Any CPU
		{2FCC5E53-A92E-4FEB-BF7A-4A742B25318A}.Debug|Any CPU.Build.0 = Debug|Any CPU
		{2FCC5E53-A92E-4FEB-BF7A-4A742B25318A}.Release|Any CPU.ActiveCfg = Release|Any CPU
		{2FCC5E53-A92E-4FEB-BF7A-4A742B25318A}.Release|Any CPU.Build.0 = Release|Any CPU
	EndGlobalSection
	GlobalSection(SolutionProperties) = preSolution
		HideSolutionNode = FALSE
	EndGlobalSection
	GlobalSection(ExtensibilityGlobals) = postSolution
		SolutionGuid = {7494136F-CCB8-4F2D-A4F9-863F65AF25F5}
	EndGlobalSection
EndGlobal
